<?xml version="1.0" encoding="UTF-8"?>
<Solution>
	<Configurations>
		<BuildType Name="Debug"/>
		<BuildType Name="Release"/>
		<BuildType Name="MinSizeRel"/>
		<BuildType Name="RelWithDebInfo"/>
		<Platform Name="x64"/>
	</Configurations>
	<Project Path="ALL_BUILD.vcxproj" Type="8bc9ceb8-8b4a-11d0-8d11-00a0c91bc942" Id="add27bcd-95bf-3002-9715-d77c43338c67" DefaultStartup="true">
		<BuildDependency Project="N91DiskCleaner.vcxproj"/>
		<BuildDependency Project="N91DiskCleanerLogicTests.vcxproj"/>
		<BuildDependency Project="ZERO_CHECK.vcxproj"/>
		<Build Solution="Debug|*" Project="false"/>
		<Build Solution="Release|*" Project="false"/>
		<Build Solution="MinSizeRel|*" Project="false"/>
		<Build Solution="RelWithDebInfo|*" Project="false"/>
	</Project>
	<Project Path="Continuous.vcxproj" Type="8bc9ceb8-8b4a-11d0-8d11-00a0c91bc942" Id="d7cff207-b418-3b68-825c-1ea2bd30fac8">
		<BuildDependency Project="ZERO_CHECK.vcxproj"/>
		<Build Solution="Debug|*" Project="false"/>
		<Build Solution="Release|*" Project="false"/>
		<Build Solution="MinSizeRel|*" Project="false"/>
		<Build Solution="RelWithDebInfo|*" Project="false"/>
	</Project>
	<Project Path="Experimental.vcxproj" Type="8bc9ceb8-8b4a-11d0-8d11-00a0c91bc942" Id="84fdb2b4-1d91-31ee-a886-d2e92f80f3d8">
		<BuildDependency Project="ZERO_CHECK.vcxproj"/>
		<Build Solution="Debug|*" Project="false"/>
		<Build Solution="Release|*" Project="false"/>
		<Build Solution="MinSizeRel|*" Project="false"/>
		<Build Solution="RelWithDebInfo|*" Project="false"/>
	</Project>
	<Project Path="N91DiskCleaner.vcxproj" Type="8bc9ceb8-8b4a-11d0-8d11-00a0c91bc942" Id="9d5bd0d4-09df-3674-9792-81e34a84f330">
		<BuildDependency Project="ZERO_CHECK.vcxproj"/>
	</Project>
	<Project Path="N91DiskCleanerLogicTests.vcxproj" Type="8bc9ceb8-8b4a-11d0-8d11-00a0c91bc942" Id="3ec1b341-e65c-34cc-bc00-93497ec7a56f">
		<BuildDependency Project="ZERO_CHECK.vcxproj"/>
	</Project>
	<Project Path="Nightly.vcxproj" Type="8bc9ceb8-8b4a-11d0-8d11-00a0c91bc942" Id="32a09938-9f8b-383a-96a8-8d0500fd031b">
		<BuildDependency Project="ZERO_CHECK.vcxproj"/>
		<Build Solution="Debug|*" Project="false"/>
		<Build Solution="Release|*" Project="false"/>
		<Build Solution="MinSizeRel|*" Project="false"/>
		<Build Solution="RelWithDebInfo|*" Project="false"/>
	</Project>
	<Project Path="NightlyMemoryCheck.vcxproj" Type="8bc9ceb8-8b4a-11d0-8d11-00a0c91bc942" Id="0075b049-fa86-3c33-ae75-9012f3e7c14b">
		<BuildDependency Project="ZERO_CHECK.vcxproj"/>
		<Build Solution="Debug|*" Project="false"/>
		<Build Solution="Release|*" Project="false"/>
		<Build Solution="MinSizeRel|*" Project="false"/>
		<Build Solution="RelWithDebInfo|*" Project="false"/>
	</Project>
	<Project Path="RUN_TESTS.vcxproj" Type="8bc9ceb8-8b4a-11d0-8d11-00a0c91bc942" Id="02b83ace-95ad-3563-b162-feddb89dd8c0">
		<BuildDependency Project="ZERO_CHECK.vcxproj"/>
		<Build Solution="Debug|*" Project="false"/>
		<Build Solution="Release|*" Project="false"/>
		<Build Solution="MinSizeRel|*" Project="false"/>
		<Build Solution="RelWithDebInfo|*" Project="false"/>
	</Project>
	<Project Path="ZERO_CHECK.vcxproj" Type="8bc9ceb8-8b4a-11d0-8d11-00a0c91bc942" Id="0f03fc2e-b1c4-33f3-8858-3823b70d2d35"/>
</Solution>
