<?xml version="1.0" encoding="utf-8"?>
<Project ToolsVersion="18.0" xmlns="http://schemas.microsoft.com/developer/msbuild/2003">
  <ItemGroup>
    <CustomBuild Include="E:\Itstep - P51\C++\N91 Disk Cleaner\build-verify-20260904\CMakeFiles\d83e2b5ddd830ab12761ef02cb75e3e0\Nightly.rule">
      <Filter>CMake Rules</Filter>
    </CustomBuild>
    <CustomBuild Include="E:\Itstep - P51\C++\N91 Disk Cleaner\CMakeLists.txt" />
  </ItemGroup>
  <ItemGroup>
    <None Include="E:\Itstep - P51\C++\N91 Disk Cleaner\build-verify-20260904\CMakeFiles\Nightly" />
  </ItemGroup>
  <ItemGroup>
    <Filter Include="CMake Rules">
      <UniqueIdentifier>{18067A52-C6A6-33C1-A688-FBC2FBF2A082}</UniqueIdentifier>
    </Filter>
  </ItemGroup>
</Project>
