<?xml version="1.0" encoding="UTF-8"?>
<Solution>
	<Configurations>
		<BuildType Name="Debug"/>
		<BuildType Name="Release"/>
		<BuildType Name="MinSizeRel"/>
		<BuildType Name="RelWithDebInfo"/>
		<Platform Name="x64"/>
	</Configurations>
	<Project Path="ALL_BUILD.vcxproj" Type="8bc9ceb8-8b4a-11d0-8d11-00a0c91bc942" Id="e23b10f1-9746-3544-8391-c3135fad4be8" DefaultStartup="true">
		<BuildDependency Project="N91DiskCleaner.vcxproj"/>
		<BuildDependency Project="N91DiskCleanerLogicTests.vcxproj"/>
		<BuildDependency Project="ZERO_CHECK.vcxproj"/>
		<Build Solution="Debug|*" Project="false"/>
		<Build Solution="Release|*" Project="false"/>
		<Build Solution="MinSizeRel|*" Project="false"/>
		<Build Solution="RelWithDebInfo|*" Project="false"/>
	</Project>
	<Project Path="Continuous.vcxproj" Type="8bc9ceb8-8b4a-11d0-8d11-00a0c91bc942" Id="cf6711b0-7298-3baf-a47d-05951a98e095">
		<BuildDependency Project="ZERO_CHECK.vcxproj"/>
		<Build Solution="Debug|*" Project="false"/>
		<Build Solution="Release|*" Project="false"/>
		<Build Solution="MinSizeRel|*" Project="false"/>
		<Build Solution="RelWithDebInfo|*" Project="false"/>
	</Project>
	<Project Path="Experimental.vcxproj" Type="8bc9ceb8-8b4a-11d0-8d11-00a0c91bc942" Id="f2f8ba9c-6b18-31a5-b42e-622f1b3f9359">
		<BuildDependency Project="ZERO_CHECK.vcxproj"/>
		<Build Solution="Debug|*" Project="false"/>
		<Build Solution="Release|*" Project="false"/>
		<Build Solution="MinSizeRel|*" Project="false"/>
		<Build Solution="RelWithDebInfo|*" Project="false"/>
	</Project>
	<Project Path="N91DiskCleaner.vcxproj" Type="8bc9ceb8-8b4a-11d0-8d11-00a0c91bc942" Id="cf713000-1f17-3557-aa60-ae8ce127576a">
		<BuildDependency Project="ZERO_CHECK.vcxproj"/>
	</Project>
	<Project Path="N91DiskCleanerLogicTests.vcxproj" Type="8bc9ceb8-8b4a-11d0-8d11-00a0c91bc942" Id="63017646-46fa-308a-a5e0-962b287703d3">
		<BuildDependency Project="ZERO_CHECK.vcxproj"/>
	</Project>
	<Project Path="Nightly.vcxproj" Type="8bc9ceb8-8b4a-11d0-8d11-00a0c91bc942" Id="4ee38359-8445-3551-a94f-91ce946ef3d8">
		<BuildDependency Project="ZERO_CHECK.vcxproj"/>
		<Build Solution="Debug|*" Project="false"/>
		<Build Solution="Release|*" Project="false"/>
		<Build Solution="MinSizeRel|*" Project="false"/>
		<Build Solution="RelWithDebInfo|*" Project="false"/>
	</Project>
	<Project Path="NightlyMemoryCheck.vcxproj" Type="8bc9ceb8-8b4a-11d0-8d11-00a0c91bc942" Id="b7e3e938-6577-3f2e-9a17-67ecbc11409d">
		<BuildDependency Project="ZERO_CHECK.vcxproj"/>
		<Build Solution="Debug|*" Project="false"/>
		<Build Solution="Release|*" Project="false"/>
		<Build Solution="MinSizeRel|*" Project="false"/>
		<Build Solution="RelWithDebInfo|*" Project="false"/>
	</Project>
	<Project Path="RUN_TESTS.vcxproj" Type="8bc9ceb8-8b4a-11d0-8d11-00a0c91bc942" Id="fb77c9db-bae7-3874-a94d-c492f48ef7e1">
		<BuildDependency Project="ZERO_CHECK.vcxproj"/>
		<Build Solution="Debug|*" Project="false"/>
		<Build Solution="Release|*" Project="false"/>
		<Build Solution="MinSizeRel|*" Project="false"/>
		<Build Solution="RelWithDebInfo|*" Project="false"/>
	</Project>
	<Project Path="ZERO_CHECK.vcxproj" Type="8bc9ceb8-8b4a-11d0-8d11-00a0c91bc942" Id="a8e2df50-90ed-351b-bcb9-90091a1ac127"/>
</Solution>
